
Microsoft Visual Studio Solution File, Format Version 11.00
# Visual Studio 2010
Project("{FAE04EC0-301F-11D3-BF4B-00C04F79EFBC}") = "PhysicsAR", "Assembly-CSharp.csproj", "{BC402841-A507-A97D-3D76-FEC21DF0690C}"
EndProject
Project("{FAE04EC0-301F-11D3-BF4B-00C04F79EFBC}") = "PhysicsAR", "Assembly-CSharp-Editor.csproj", "{CDCDE279-59D4-E534-14BA-61ED19BC80DC}"
EndProject
Global
	GlobalSection(SolutionConfigurationPlatforms) = preSolution
		Debug|Any CPU = Debug|Any CPU
		Release|Any CPU = Release|Any CPU
	EndGlobalSection
	GlobalSection(ProjectConfigurationPlatforms) = postSolution
		{BC402841-A507-A97D-3D76-FEC21DF0690C}.Debug|Any CPU.ActiveCfg = Debug|Any CPU
		{BC402841-A507-A97D-3D76-FEC21DF0690C}.Debug|Any CPU.Build.0 = Debug|Any CPU
		{BC402841-A507-A97D-3D76-FEC21DF0690C}.Release|Any CPU.ActiveCfg = Release|Any CPU
		{BC402841-A507-A97D-3D76-FEC21DF0690C}.Release|Any CPU.Build.0 = Release|Any CPU
		{CDCDE279-59D4-E534-14BA-61ED19BC80DC}.Debug|Any CPU.ActiveCfg = Debug|Any CPU
		{CDCDE279-59D4-E534-14BA-61ED19BC80DC}.Debug|Any CPU.Build.0 = Debug|Any CPU
		{CDCDE279-59D4-E534-14BA-61ED19BC80DC}.Release|Any CPU.ActiveCfg = Release|Any CPU
		{CDCDE279-59D4-E534-14BA-61ED19BC80DC}.Release|Any CPU.Build.0 = Release|Any CPU
	EndGlobalSection
	GlobalSection(SolutionProperties) = preSolution
		HideSolutionNode = FALSE
	EndGlobalSection
	GlobalSection(MonoDevelopProperties) = preSolution
		StartupItem = Assembly-CSharp.csproj
	EndGlobalSection
EndGlobal
