
Microsoft Visual Studio Solution File, Format Version 12.00
# Visual Studio 2017
Project("{FAE04EC0-301F-11D3-BF4B-00C04F79EFBC}") = "PhysicsAR", "PhysicsAR.csproj", "{AABFA314-CFB1-87A5-B856-2D32DE7800D3}"
EndProject
Project("{FAE04EC0-301F-11D3-BF4B-00C04F79EFBC}") = "PhysicsAR.Editor", "PhysicsAR.Editor.csproj", "{076E148F-06B2-839A-1647-9B0DB931911E}"
EndProject
Global
	GlobalSection(SolutionConfigurationPlatforms) = preSolution
		Debug|Any CPU = Debug|Any CPU
		Release|Any CPU = Release|Any CPU
	EndGlobalSection
	GlobalSection(ProjectConfigurationPlatforms) = postSolution
		{AABFA314-CFB1-87A5-B856-2D32DE7800D3}.Debug|Any CPU.ActiveCfg = Debug|Any CPU
		{AABFA314-CFB1-87A5-B856-2D32DE7800D3}.Debug|Any CPU.Build.0 = Debug|Any CPU
		{AABFA314-CFB1-87A5-B856-2D32DE7800D3}.Release|Any CPU.ActiveCfg = Release|Any CPU
		{AABFA314-CFB1-87A5-B856-2D32DE7800D3}.Release|Any CPU.Build.0 = Release|Any CPU
		{076E148F-06B2-839A-1647-9B0DB931911E}.Debug|Any CPU.ActiveCfg = Debug|Any CPU
		{076E148F-06B2-839A-1647-9B0DB931911E}.Debug|Any CPU.Build.0 = Debug|Any CPU
		{076E148F-06B2-839A-1647-9B0DB931911E}.Release|Any CPU.ActiveCfg = Release|Any CPU
		{076E148F-06B2-839A-1647-9B0DB931911E}.Release|Any CPU.Build.0 = Release|Any CPU
	EndGlobalSection
	GlobalSection(SolutionProperties) = preSolution
		HideSolutionNode = FALSE
	EndGlobalSection
EndGlobal
